// !$*UTF8*$!
{
	archiveVersion = 1;
	classes = {
	};
	objectVersion = 77;
	objects = {

/* Begin PBXBuildFile section */
		3F0974A72F24FCC30004D070 /* NetworkExtension.framework in Frameworks */ = {isa = PBXBuildFile; fileRef = 3F0974A62F24FCC20004D070 /* NetworkExtension.framework */; };
		3F0974B12F24FCC30004D070 /* com.wudan.iris.network.extension.systemextension in Embed System Extensions */ = {isa = PBXBuildFile; fileRef = 3F0974A42F24FCC20004D070 /* com.wudan.iris.network.extension.systemextension */; settings = {ATTRIBUTES = (RemoveHeadersOnCopy, ); }; };
		3FA000052F2600000004D070 /* NetworkExtension.framework in Frameworks */ = {isa = PBXBuildFile; fileRef = 3F0974A62F24FCC20004D070 /* NetworkExtension.framework */; };
		3FA000092F2600000004D070 /* com.wudan.iris.proxy.extension.systemextension in Embed System Extensions */ = {isa = PBXBuildFile; fileRef = 3FA000042F2600000004D070 /* com.wudan.iris.proxy.extension.systemextension */; settings = {ATTRIBUTES = (RemoveHeadersOnCopy, ); }; };
		3FB000052F2600000004D070 /* NetworkExtension.framework in Frameworks */ = {isa = PBXBuildFile; fileRef = 3F0974A62F24FCC20004D070 /* NetworkExtension.framework */; };
		3FB000092F2600000004D070 /* com.wudan.iris.dns.extension.systemextension in Embed System Extensions */ = {isa = PBXBuildFile; fileRef = 3FB000042F2600000004D070 /* com.wudan.iris.dns.extension.systemextension */; settings = {ATTRIBUTES = (RemoveHeadersOnCopy, ); }; };
		3FE0000C2F25A0000004D070 /* com.wudan.iris.endpoint.extension.systemextension in Embed System Extensions */ = {isa = PBXBuildFile; fileRef = 3FE000012F25A0000004D070 /* com.wudan.iris.endpoint.extension.systemextension */; settings = {ATTRIBUTES = (RemoveHeadersOnCopy, ); }; };
/* End PBXBuildFile section */

/* Begin PBXContainerItemProxy section */
		3F0974AF2F24FCC30004D070 /* PBXContainerItemProxy */ = {
			isa = PBXContainerItemProxy;
			containerPortal = 3F51086D2F24FBE0004CFE8D /* Project object */;
			proxyType = 1;
			remoteGlobalIDString = 3F0974A32F24FCC20004D070;
			remoteInfo = IrisNetworkExtension;
		};
		3FA000072F2600000004D070 /* PBXContainerItemProxy */ = {
			isa = PBXContainerItemProxy;
			containerPortal = 3F51086D2F24FBE0004CFE8D /* Project object */;
			proxyType = 1;
			remoteGlobalIDString = 3FA000032F2600000004D070;
			remoteInfo = IrisProxyExtension;
		};
		3FB000072F2600000004D070 /* PBXContainerItemProxy */ = {
			isa = PBXContainerItemProxy;
			containerPortal = 3F51086D2F24FBE0004CFE8D /* Project object */;
			proxyType = 1;
			remoteGlobalIDString = 3FB000032F2600000004D070;
			remoteInfo = IrisDNSExtension;
		};
		3FE0000A2F25A0000004D070 /* PBXContainerItemProxy */ = {
			isa = PBXContainerItemProxy;
			containerPortal = 3F51086D2F24FBE0004CFE8D /* Project object */;
			proxyType = 1;
			remoteGlobalIDString = 3FE000062F25A0000004D070;
			remoteInfo = IrisEndpointExtension;
		};
/* End PBXContainerItemProxy section */

/* Begin PBXCopyFilesBuildPhase section */
		3F0974B22F24FCC30004D070 /* Embed System Extensions */ = {
			isa = PBXCopyFilesBuildPhase;
			buildActionMask = 2147483647;
			dstPath = "$(SYSTEM_EXTENSIONS_FOLDER_PATH)";
			dstSubfolderSpec = 16;
			files = (
				3F0974B12F24FCC30004D070 /* com.wudan.iris.network.extension.systemextension in Embed System Extensions */,
				3FE0000C2F25A0000004D070 /* com.wudan.iris.endpoint.extension.systemextension in Embed System Extensions */,
				3FA000092F2600000004D070 /* com.wudan.iris.proxy.extension.systemextension in Embed System Extensions */,
				3FB000092F2600000004D070 /* com.wudan.iris.dns.extension.systemextension in Embed System Extensions */,
			);
			name = "Embed System Extensions";
			runOnlyForDeploymentPostprocessing = 0;
		};
/* End PBXCopyFilesBuildPhase section */

/* Begin PBXFileReference section */
		3F0974A42F24FCC20004D070 /* com.wudan.iris.network.extension.systemextension */ = {isa = PBXFileReference; explicitFileType = "wrapper.system-extension"; includeInIndex = 0; path = com.wudan.iris.network.extension.systemextension; sourceTree = BUILT_PRODUCTS_DIR; };
		3F0974A62F24FCC20004D070 /* NetworkExtension.framework */ = {isa = PBXFileReference; lastKnownFileType = wrapper.framework; name = NetworkExtension.framework; path = System/Library/Frameworks/NetworkExtension.framework; sourceTree = SDKROOT; };
		3F5108752F24FBE0004CFE8D /* Iris.app */ = {isa = PBXFileReference; explicitFileType = wrapper.application; includeInIndex = 0; path = Iris.app; sourceTree = BUILT_PRODUCTS_DIR; };
		3FA000042F2600000004D070 /* com.wudan.iris.proxy.extension.systemextension */ = {isa = PBXFileReference; explicitFileType = "wrapper.system-extension"; includeInIndex = 0; path = com.wudan.iris.proxy.extension.systemextension; sourceTree = BUILT_PRODUCTS_DIR; };
		3FB000042F2600000004D070 /* com.wudan.iris.dns.extension.systemextension */ = {isa = PBXFileReference; explicitFileType = "wrapper.system-extension"; includeInIndex = 0; path = com.wudan.iris.dns.extension.systemextension; sourceTree = BUILT_PRODUCTS_DIR; };
		3FE000012F25A0000004D070 /* com.wudan.iris.endpoint.extension.systemextension */ = {isa = PBXFileReference; explicitFileType = "wrapper.system-extension"; includeInIndex = 0; path = com.wudan.iris.endpoint.extension.systemextension; sourceTree = BUILT_PRODUCTS_DIR; };
		3FFBF9372F25539F00E3D581 /* Iris.entitlements */ = {isa = PBXFileReference; lastKnownFileType = text.plist.entitlements; path = Iris.entitlements; sourceTree = "<group>"; };
/* End PBXFileReference section */

/* Begin PBXFileSystemSynchronizedRootGroup section */
		3F0001002F28000000000002 /* Packages/IrisShared/Sources/IrisShared */ = {
			isa = PBXFileSystemSynchronizedRootGroup;
			path = Packages/IrisShared/Sources/IrisShared;
			sourceTree = "<group>";
		};
		3F0001002F28000000000003 /* Packages/IrisDisk/Sources/IrisDisk */ = {
			isa = PBXFileSystemSynchronizedRootGroup;
			path = Packages/IrisDisk/Sources/IrisDisk;
			sourceTree = "<group>";
		};
		3F0001002F28000000000004 /* Packages/IrisProcess/Sources/IrisProcess */ = {
			isa = PBXFileSystemSynchronizedRootGroup;
			path = Packages/IrisProcess/Sources/IrisProcess;
			sourceTree = "<group>";
		};
		3F0001002F28000000000005 /* Packages/IrisNetwork/Sources/IrisNetwork */ = {
			isa = PBXFileSystemSynchronizedRootGroup;
			path = Packages/IrisNetwork/Sources/IrisNetwork;
			sourceTree = "<group>";
		};
		3F0001002F28000000000006 /* Packages/IrisSatellite/Sources/IrisSatellite */ = {
			isa = PBXFileSystemSynchronizedRootGroup;
			path = Packages/IrisSatellite/Sources/IrisSatellite;
			sourceTree = "<group>";
		};
		3F0001002F28000000000007 /* Packages/IrisApp/Sources/IrisApp */ = {
			isa = PBXFileSystemSynchronizedRootGroup;
			path = Packages/IrisApp/Sources/IrisApp;
			sourceTree = "<group>";
		};
		3F0001002F28000000000008 /* Packages/IrisProxy/Sources/IrisProxy */ = {
			isa = PBXFileSystemSynchronizedRootGroup;
			path = Packages/IrisProxy/Sources/IrisProxy;
			sourceTree = "<group>";
		};
		3F0001002F28000000000009 /* Packages/IrisCertificates/Sources/IrisCertificates */ = {
			isa = PBXFileSystemSynchronizedRootGroup;
			path = Packages/IrisCertificates/Sources/IrisCertificates;
			sourceTree = "<group>";
		};
		3F0001002F2800000000000A /* Packages/IrisWiFi/Sources/IrisWiFi */ = {
			isa = PBXFileSystemSynchronizedRootGroup;
			path = Packages/IrisWiFi/Sources/IrisWiFi;
			sourceTree = "<group>";
		};
		3F0001002F2800000000000B /* Packages/IrisDNS/Sources/IrisDNS */ = {
			isa = PBXFileSystemSynchronizedRootGroup;
			path = Packages/IrisDNS/Sources/IrisDNS;
			sourceTree = "<group>";
		};
		3F0001002F2800000000000C /* Packages/IrisSecurity/Sources/IrisSecurity */ = {
			isa = PBXFileSystemSynchronizedRootGroup;
			path = Packages/IrisSecurity/Sources/IrisSecurity;
			sourceTree = "<group>";
		};
		3F0001002F28000000000100 /* Shared */ = {
			isa = PBXFileSystemSynchronizedRootGroup;
			path = Shared;
			sourceTree = "<group>";
		};
		3F0974A82F24FCC30004D070 /* IrisNetworkExtension */ = {
			isa = PBXFileSystemSynchronizedRootGroup;
			path = IrisNetworkExtension;
			sourceTree = "<group>";
		};
		3F5108772F24FBE0004CFE8D /* IrisApp */ = {
			isa = PBXFileSystemSynchronizedRootGroup;
			path = IrisApp;
			sourceTree = "<group>";
		};
		3FA000062F2600000004D070 /* IrisProxyExtension */ = {
			isa = PBXFileSystemSynchronizedRootGroup;
			path = IrisProxyExtension;
			sourceTree = "<group>";
		};
		3FB000062F2600000004D070 /* IrisDNSExtension */ = {
			isa = PBXFileSystemSynchronizedRootGroup;
			path = IrisDNSExtension;
			sourceTree = "<group>";
		};
		3FE000022F25A0000004D070 /* IrisEndpointExtension */ = {
			isa = PBXFileSystemSynchronizedRootGroup;
			path = IrisEndpointExtension;
			sourceTree = "<group>";
		};
/* End PBXFileSystemSynchronizedRootGroup section */

/* Begin PBXFrameworksBuildPhase section */
		3F0974A12F24FCC20004D070 /* Frameworks */ = {
			isa = PBXFrameworksBuildPhase;
			buildActionMask = 2147483647;
			files = (
				3F0974A72F24FCC30004D070 /* NetworkExtension.framework in Frameworks */,
			);
			runOnlyForDeploymentPostprocessing = 0;
		};
		3F5108722F24FBE0004CFE8D /* Frameworks */ = {
			isa = PBXFrameworksBuildPhase;
			buildActionMask = 2147483647;
			files = (
			);
			runOnlyForDeploymentPostprocessing = 0;
		};
		3FA000012F2600000004D070 /* Frameworks */ = {
			isa = PBXFrameworksBuildPhase;
			buildActionMask = 2147483647;
			files = (
				3FA000052F2600000004D070 /* NetworkExtension.framework in Frameworks */,
			);
			runOnlyForDeploymentPostprocessing = 0;
		};
		3FB000012F2600000004D070 /* Frameworks */ = {
			isa = PBXFrameworksBuildPhase;
			buildActionMask = 2147483647;
			files = (
				3FB000052F2600000004D070 /* NetworkExtension.framework in Frameworks */,
			);
			runOnlyForDeploymentPostprocessing = 0;
		};
		3FE000042F25A0000004D070 /* Frameworks */ = {
			isa = PBXFrameworksBuildPhase;
			buildActionMask = 2147483647;
			files = (
			);
			runOnlyForDeploymentPostprocessing = 0;
		};
/* End PBXFrameworksBuildPhase section */

/* Begin PBXGroup section */
		3F0974A52F24FCC20004D070 /* Frameworks */ = {
			isa = PBXGroup;
			children = (
				3F0974A62F24FCC20004D070 /* NetworkExtension.framework */,
			);
			name = Frameworks;
			sourceTree = "<group>";
		};
		3F51086C2F24FBE0004CFE8D = {
			isa = PBXGroup;
			children = (
				3FFBF9372F25539F00E3D581 /* Iris.entitlements */,
				3F5108772F24FBE0004CFE8D /* IrisApp */,
				3F0001002F28000000000002 /* Packages/IrisShared/Sources/IrisShared */,
				3F0001002F28000000000003 /* Packages/IrisDisk/Sources/IrisDisk */,
				3F0001002F28000000000004 /* Packages/IrisProcess/Sources/IrisProcess */,
				3F0001002F28000000000005 /* Packages/IrisNetwork/Sources/IrisNetwork */,
				3F0001002F28000000000006 /* Packages/IrisSatellite/Sources/IrisSatellite */,
				3F0001002F28000000000007 /* Packages/IrisApp/Sources/IrisApp */,
				3F0001002F28000000000008 /* Packages/IrisProxy/Sources/IrisProxy */,
				3F0001002F28000000000009 /* Packages/IrisCertificates/Sources/IrisCertificates */,
				3F0001002F2800000000000A /* Packages/IrisWiFi/Sources/IrisWiFi */,
				3F0001002F2800000000000B /* Packages/IrisDNS/Sources/IrisDNS */,
				3F0001002F2800000000000C /* Packages/IrisSecurity/Sources/IrisSecurity */,
				3F0974A82F24FCC30004D070 /* IrisNetworkExtension */,
				3FE000022F25A0000004D070 /* IrisEndpointExtension */,
				3FA000062F2600000004D070 /* IrisProxyExtension */,
				3FB000062F2600000004D070 /* IrisDNSExtension */,
				3F0001002F28000000000100 /* Shared */,
				3F0974A52F24FCC20004D070 /* Frameworks */,
				3F5108762F24FBE0004CFE8D /* Products */,
			);
			sourceTree = "<group>";
		};
		3F5108762F24FBE0004CFE8D /* Products */ = {
			isa = PBXGroup;
			children = (
				3F5108752F24FBE0004CFE8D /* Iris.app */,
				3F0974A42F24FCC20004D070 /* com.wudan.iris.network.extension.systemextension */,
				3FE000012F25A0000004D070 /* com.wudan.iris.endpoint.extension.systemextension */,
				3FA000042F2600000004D070 /* com.wudan.iris.proxy.extension.systemextension */,
				3FB000042F2600000004D070 /* com.wudan.iris.dns.extension.systemextension */,
			);
			name = Products;
			sourceTree = "<group>";
		};
/* End PBXGroup section */

/* Begin PBXNativeTarget section */
		3F0974A32F24FCC20004D070 /* IrisNetworkExtension */ = {
			isa = PBXNativeTarget;
			buildConfigurationList = 3F0974B62F24FCC30004D070 /* Build configuration list for PBXNativeTarget "IrisNetworkExtension" */;
			buildPhases = (
				3F0974A02F24FCC20004D070 /* Sources */,
				3F0974A12F24FCC20004D070 /* Frameworks */,
				3F0974A22F24FCC20004D070 /* Resources */,
			);
			buildRules = (
			);
			dependencies = (
			);
			fileSystemSynchronizedGroups = (
				3F0001002F28000000000100 /* Shared */,
				3F0974A82F24FCC30004D070 /* IrisNetworkExtension */,
			);
			name = IrisNetworkExtension;
			packageProductDependencies = (
			);
			productName = IrisNetworkExtension;
			productReference = 3F0974A42F24FCC20004D070 /* com.wudan.iris.network.extension.systemextension */;
			productType = "com.apple.product-type.system-extension";
		};
		3F5108742F24FBE0004CFE8D /* Iris */ = {
			isa = PBXNativeTarget;
			buildConfigurationList = 3F5108802F24FBE0004CFE8D /* Build configuration list for PBXNativeTarget "Iris" */;
			buildPhases = (
				3F5108712F24FBE0004CFE8D /* Sources */,
				3F5108722F24FBE0004CFE8D /* Frameworks */,
				3F5108732F24FBE0004CFE8D /* Resources */,
				3F0974B22F24FCC30004D070 /* Embed System Extensions */,
			);
			buildRules = (
			);
			dependencies = (
				3F0974B02F24FCC30004D070 /* PBXTargetDependency */,
				3FE0000B2F25A0000004D070 /* PBXTargetDependency */,
				3FA000082F2600000004D070 /* PBXTargetDependency */,
				3FB000082F2600000004D070 /* PBXTargetDependency */,
			);
			fileSystemSynchronizedGroups = (
				3F0001002F28000000000002 /* Packages/IrisShared/Sources/IrisShared */,
				3F0001002F28000000000003 /* Packages/IrisDisk/Sources/IrisDisk */,
				3F0001002F28000000000004 /* Packages/IrisProcess/Sources/IrisProcess */,
				3F0001002F28000000000005 /* Packages/IrisNetwork/Sources/IrisNetwork */,
				3F0001002F28000000000006 /* Packages/IrisSatellite/Sources/IrisSatellite */,
				3F0001002F28000000000007 /* Packages/IrisApp/Sources/IrisApp */,
				3F0001002F28000000000008 /* Packages/IrisProxy/Sources/IrisProxy */,
				3F0001002F28000000000009 /* Packages/IrisCertificates/Sources/IrisCertificates */,
				3F0001002F2800000000000A /* Packages/IrisWiFi/Sources/IrisWiFi */,
				3F0001002F2800000000000B /* Packages/IrisDNS/Sources/IrisDNS */,
				3F0001002F2800000000000C /* Packages/IrisSecurity/Sources/IrisSecurity */,
				3F0001002F28000000000100 /* Shared */,
				3F5108772F24FBE0004CFE8D /* IrisApp */,
			);
			name = Iris;
			packageProductDependencies = (
			);
			productName = Iris;
			productReference = 3F5108752F24FBE0004CFE8D /* Iris.app */;
			productType = "com.apple.product-type.application";
		};
		3FA000032F2600000004D070 /* IrisProxyExtension */ = {
			isa = PBXNativeTarget;
			buildConfigurationList = 3FA0000C2F2600000004D070 /* Build configuration list for PBXNativeTarget "IrisProxyExtension" */;
			buildPhases = (
				3FA000002F2600000004D070 /* Sources */,
				3FA000012F2600000004D070 /* Frameworks */,
				3FA000022F2600000004D070 /* Resources */,
			);
			buildRules = (
			);
			dependencies = (
			);
			fileSystemSynchronizedGroups = (
				3F0001002F28000000000100 /* Shared */,
				3FA000062F2600000004D070 /* IrisProxyExtension */,
			);
			name = IrisProxyExtension;
			packageProductDependencies = (
			);
			productName = IrisProxyExtension;
			productReference = 3FA000042F2600000004D070 /* com.wudan.iris.proxy.extension.systemextension */;
			productType = "com.apple.product-type.system-extension";
		};
		3FB000032F2600000004D070 /* IrisDNSExtension */ = {
			isa = PBXNativeTarget;
			buildConfigurationList = 3FB0000C2F2600000004D070 /* Build configuration list for PBXNativeTarget "IrisDNSExtension" */;
			buildPhases = (
				3FB000002F2600000004D070 /* Sources */,
				3FB000012F2600000004D070 /* Frameworks */,
				3FB000022F2600000004D070 /* Resources */,
			);
			buildRules = (
			);
			dependencies = (
			);
			fileSystemSynchronizedGroups = (
				3F0001002F28000000000100 /* Shared */,
				3FB000062F2600000004D070 /* IrisDNSExtension */,
			);
			name = IrisDNSExtension;
			packageProductDependencies = (
			);
			productName = IrisDNSExtension;
			productReference = 3FB000042F2600000004D070 /* com.wudan.iris.dns.extension.systemextension */;
			productType = "com.apple.product-type.system-extension";
		};
		3FE000062F25A0000004D070 /* IrisEndpointExtension */ = {
			isa = PBXNativeTarget;
			buildConfigurationList = 3FE000092F25A0000004D070 /* Build configuration list for PBXNativeTarget "IrisEndpointExtension" */;
			buildPhases = (
				3FE000032F25A0000004D070 /* Sources */,
				3FE000042F25A0000004D070 /* Frameworks */,
				3FE000052F25A0000004D070 /* Resources */,
			);
			buildRules = (
			);
			dependencies = (
			);
			fileSystemSynchronizedGroups = (
				3F0001002F28000000000100 /* Shared */,
				3FE000022F25A0000004D070 /* IrisEndpointExtension */,
			);
			name = IrisEndpointExtension;
			packageProductDependencies = (
			);
			productName = IrisEndpointExtension;
			productReference = 3FE000012F25A0000004D070 /* com.wudan.iris.endpoint.extension.systemextension */;
			productType = "com.apple.product-type.system-extension";
		};
/* End PBXNativeTarget section */

/* Begin PBXProject section */
		3F51086D2F24FBE0004CFE8D /* Project object */ = {
			isa = PBXProject;
			attributes = {
				BuildIndependentTargetsInParallel = 1;
				LastSwiftUpdateCheck = 2610;
				LastUpgradeCheck = 2620;
				TargetAttributes = {
					3F0974A32F24FCC20004D070 = {
						CreatedOnToolsVersion = 26.1;
					};
					3F5108742F24FBE0004CFE8D = {
						CreatedOnToolsVersion = 26.1;
					};
					3FA000032F2600000004D070 = {
						CreatedOnToolsVersion = 26.2;
					};
					3FB000032F2600000004D070 = {
						CreatedOnToolsVersion = 26.2;
					};
					3FE000062F25A0000004D070 = {
						CreatedOnToolsVersion = 26.1;
					};
				};
			};
			buildConfigurationList = 3F5108702F24FBE0004CFE8D /* Build configuration list for PBXProject "Iris" */;
			developmentRegion = en;
			hasScannedForEncodings = 0;
			knownRegions = (
				en,
				Base,
			);
			mainGroup = 3F51086C2F24FBE0004CFE8D;
			minimizedProjectReferenceProxies = 1;
			packageReferences = (
			);
			preferredProjectObjectVersion = 77;
			productRefGroup = 3F5108762F24FBE0004CFE8D /* Products */;
			projectDirPath = "";
			projectRoot = "";
			targets = (
				3F5108742F24FBE0004CFE8D /* Iris */,
				3F0974A32F24FCC20004D070 /* IrisNetworkExtension */,
				3FE000062F25A0000004D070 /* IrisEndpointExtension */,
				3FA000032F2600000004D070 /* IrisProxyExtension */,
				3FB000032F2600000004D070 /* IrisDNSExtension */,
			);
		};
/* End PBXProject section */

/* Begin PBXResourcesBuildPhase section */
		3F0974A22F24FCC20004D070 /* Resources */ = {
			isa = PBXResourcesBuildPhase;
			buildActionMask = 2147483647;
			files = (
			);
			runOnlyForDeploymentPostprocessing = 0;
		};
		3F5108732F24FBE0004CFE8D /* Resources */ = {
			isa = PBXResourcesBuildPhase;
			buildActionMask = 2147483647;
			files = (
			);
			runOnlyForDeploymentPostprocessing = 0;
		};
		3FA000022F2600000004D070 /* Resources */ = {
			isa = PBXResourcesBuildPhase;
			buildActionMask = 2147483647;
			files = (
			);
			runOnlyForDeploymentPostprocessing = 0;
		};
		3FB000022F2600000004D070 /* Resources */ = {
			isa = PBXResourcesBuildPhase;
			buildActionMask = 2147483647;
			files = (
			);
			runOnlyForDeploymentPostprocessing = 0;
		};
		3FE000052F25A0000004D070 /* Resources */ = {
			isa = PBXResourcesBuildPhase;
			buildActionMask = 2147483647;
			files = (
			);
			runOnlyForDeploymentPostprocessing = 0;
		};
/* End PBXResourcesBuildPhase section */

/* Begin PBXSourcesBuildPhase section */
		3F0974A02F24FCC20004D070 /* Sources */ = {
			isa = PBXSourcesBuildPhase;
			buildActionMask = 2147483647;
			files = (
			);
			runOnlyForDeploymentPostprocessing = 0;
		};
		3F5108712F24FBE0004CFE8D /* Sources */ = {
			isa = PBXSourcesBuildPhase;
			buildActionMask = 2147483647;
			files = (
			);
			runOnlyForDeploymentPostprocessing = 0;
		};
		3FA000002F2600000004D070 /* Sources */ = {
			isa = PBXSourcesBuildPhase;
			buildActionMask = 2147483647;
			files = (
			);
			runOnlyForDeploymentPostprocessing = 0;
		};
		3FB000002F2600000004D070 /* Sources */ = {
			isa = PBXSourcesBuildPhase;
			buildActionMask = 2147483647;
			files = (
			);
			runOnlyForDeploymentPostprocessing = 0;
		};
		3FE000032F25A0000004D070 /* Sources */ = {
			isa = PBXSourcesBuildPhase;
			buildActionMask = 2147483647;
			files = (
			);
			runOnlyForDeploymentPostprocessing = 0;
		};
/* End PBXSourcesBuildPhase section */

/* Begin PBXTargetDependency section */
		3F0974B02F24FCC30004D070 /* PBXTargetDependency */ = {
			isa = PBXTargetDependency;
			target = 3F0974A32F24FCC20004D070 /* IrisNetworkExtension */;
			targetProxy = 3F0974AF2F24FCC30004D070 /* PBXContainerItemProxy */;
		};
		3FA000082F2600000004D070 /* PBXTargetDependency */ = {
			isa = PBXTargetDependency;
			target = 3FA000032F2600000004D070 /* IrisProxyExtension */;
			targetProxy = 3FA000072F2600000004D070 /* PBXContainerItemProxy */;
		};
		3FB000082F2600000004D070 /* PBXTargetDependency */ = {
			isa = PBXTargetDependency;
			target = 3FB000032F2600000004D070 /* IrisDNSExtension */;
			targetProxy = 3FB000072F2600000004D070 /* PBXContainerItemProxy */;
		};
		3FE0000B2F25A0000004D070 /* PBXTargetDependency */ = {
			isa = PBXTargetDependency;
			target = 3FE000062F25A0000004D070 /* IrisEndpointExtension */;
			targetProxy = 3FE0000A2F25A0000004D070 /* PBXContainerItemProxy */;
		};
/* End PBXTargetDependency section */

/* Begin XCBuildConfiguration section */
		3F0974B32F24FCC30004D070 /* Debug */ = {
			isa = XCBuildConfiguration;
			buildSettings = {
				AUTOMATION_APPLE_EVENTS = NO;
				CODE_SIGN_ENTITLEMENTS = IrisNetworkExtension/IrisNetworkExtension.entitlements;
				CODE_SIGN_IDENTITY = "Apple Development";
				"CODE_SIGN_IDENTITY[sdk=macosx*]" = "Apple Development";
				CODE_SIGN_STYLE = Automatic;
				CURRENT_PROJECT_VERSION = 1;
				DEAD_CODE_STRIPPING = YES;
				DEVELOPMENT_TEAM = 99HGW2AR62;
				ENABLE_APP_SANDBOX = NO;
				ENABLE_HARDENED_RUNTIME = YES;
				ENABLE_RESOURCE_ACCESS_AUDIO_INPUT = NO;
				ENABLE_RESOURCE_ACCESS_CALENDARS = NO;
				ENABLE_RESOURCE_ACCESS_CAMERA = NO;
				ENABLE_RESOURCE_ACCESS_CONTACTS = NO;
				ENABLE_RESOURCE_ACCESS_LOCATION = NO;
				ENABLE_RESOURCE_ACCESS_PHOTO_LIBRARY = NO;
				GENERATE_INFOPLIST_FILE = YES;
				INFOPLIST_FILE = IrisNetworkExtension/Info.plist;
				INFOPLIST_KEY_CFBundleDisplayName = IrisNetworkExtension;
				INFOPLIST_KEY_LSApplicationCategoryType = "public.app-category.utilities";
				INFOPLIST_KEY_NSHumanReadableCopyright = "Copyright © 2024. All rights reserved.";
				INFOPLIST_KEY_NSSystemExtensionUsageDescription = "Iris needs this extension to monitor network connections for security analysis.";
				LD_RUNPATH_SEARCH_PATHS = (
					"$(inherited)",
					"@executable_path/../Frameworks",
					"@executable_path/../../../../Frameworks",
				);
				MARKETING_VERSION = 1.0;
				PRODUCT_BUNDLE_IDENTIFIER = com.wudan.iris.network.extension;
				PRODUCT_NAME = "$(inherited)";
				PROVISIONING_PROFILE_SPECIFIER = "";
				REGISTER_APP_GROUPS = YES;
				RUNTIME_EXCEPTION_ALLOW_DYLD_ENVIRONMENT_VARIABLES = NO;
				RUNTIME_EXCEPTION_ALLOW_JIT = NO;
				RUNTIME_EXCEPTION_ALLOW_UNSIGNED_EXECUTABLE_MEMORY = NO;
				RUNTIME_EXCEPTION_DEBUGGING_TOOL = NO;
				RUNTIME_EXCEPTION_DISABLE_EXECUTABLE_PAGE_PROTECTION = NO;
				RUNTIME_EXCEPTION_DISABLE_LIBRARY_VALIDATION = NO;
				SKIP_INSTALL = YES;
				STRING_CATALOG_GENERATE_SYMBOLS = YES;
				SWIFT_APPROACHABLE_CONCURRENCY = YES;
				SWIFT_EMIT_LOC_STRINGS = YES;
				SWIFT_UPCOMING_FEATURE_MEMBER_IMPORT_VISIBILITY = YES;
				SWIFT_VERSION = 5.0;
			};
			name = Debug;
		};
		3F0974B42F24FCC30004D070 /* Release */ = {
			isa = XCBuildConfiguration;
			buildSettings = {
				AUTOMATION_APPLE_EVENTS = NO;
				CODE_SIGN_ENTITLEMENTS = IrisNetworkExtension/IrisNetworkExtension.entitlements;
				CODE_SIGN_IDENTITY = "Apple Development";
				"CODE_SIGN_IDENTITY[sdk=macosx*]" = "Apple Development";
				CODE_SIGN_STYLE = Automatic;
				CURRENT_PROJECT_VERSION = 1;
				DEAD_CODE_STRIPPING = YES;
				DEVELOPMENT_TEAM = 99HGW2AR62;
				ENABLE_APP_SANDBOX = NO;
				ENABLE_HARDENED_RUNTIME = YES;
				ENABLE_RESOURCE_ACCESS_AUDIO_INPUT = NO;
				ENABLE_RESOURCE_ACCESS_CALENDARS = NO;
				ENABLE_RESOURCE_ACCESS_CAMERA = NO;
				ENABLE_RESOURCE_ACCESS_CONTACTS = NO;
				ENABLE_RESOURCE_ACCESS_LOCATION = NO;
				ENABLE_RESOURCE_ACCESS_PHOTO_LIBRARY = NO;
				GENERATE_INFOPLIST_FILE = YES;
				INFOPLIST_FILE = IrisNetworkExtension/Info.plist;
				INFOPLIST_KEY_CFBundleDisplayName = IrisNetworkExtension;
				INFOPLIST_KEY_LSApplicationCategoryType = "public.app-category.utilities";
				INFOPLIST_KEY_NSHumanReadableCopyright = "Copyright © 2024. All rights reserved.";
				INFOPLIST_KEY_NSSystemExtensionUsageDescription = "Iris needs this extension to monitor network connections for security analysis.";
				LD_RUNPATH_SEARCH_PATHS = (
					"$(inherited)",
					"@executable_path/../Frameworks",
					"@executable_path/../../../../Frameworks",
				);
				MARKETING_VERSION = 1.0;
				PRODUCT_BUNDLE_IDENTIFIER = com.wudan.iris.network.extension;
				PRODUCT_NAME = "$(inherited)";
				PROVISIONING_PROFILE_SPECIFIER = "";
				REGISTER_APP_GROUPS = YES;
				RUNTIME_EXCEPTION_ALLOW_DYLD_ENVIRONMENT_VARIABLES = NO;
				RUNTIME_EXCEPTION_ALLOW_JIT = NO;
				RUNTIME_EXCEPTION_ALLOW_UNSIGNED_EXECUTABLE_MEMORY = NO;
				RUNTIME_EXCEPTION_DEBUGGING_TOOL = NO;
				RUNTIME_EXCEPTION_DISABLE_EXECUTABLE_PAGE_PROTECTION = NO;
				RUNTIME_EXCEPTION_DISABLE_LIBRARY_VALIDATION = NO;
				SKIP_INSTALL = YES;
				STRING_CATALOG_GENERATE_SYMBOLS = YES;
				SWIFT_APPROACHABLE_CONCURRENCY = YES;
				SWIFT_EMIT_LOC_STRINGS = YES;
				SWIFT_UPCOMING_FEATURE_MEMBER_IMPORT_VISIBILITY = YES;
				SWIFT_VERSION = 5.0;
			};
			name = Release;
		};
		3F51087E2F24FBE0004CFE8D /* Debug */ = {
			isa = XCBuildConfiguration;
			buildSettings = {
				ALWAYS_SEARCH_USER_PATHS = NO;
				ASSETCATALOG_COMPILER_GENERATE_SWIFT_ASSET_SYMBOL_EXTENSIONS = YES;
				CLANG_ANALYZER_NONNULL = YES;
				CLANG_ANALYZER_NUMBER_OBJECT_CONVERSION = YES_AGGRESSIVE;
				CLANG_CXX_LANGUAGE_STANDARD = "gnu++20";
				CLANG_ENABLE_MODULES = YES;
				CLANG_ENABLE_OBJC_ARC = YES;
				CLANG_ENABLE_OBJC_WEAK = YES;
				CLANG_WARN_BLOCK_CAPTURE_AUTORELEASING = YES;
				CLANG_WARN_BOOL_CONVERSION = YES;
				CLANG_WARN_COMMA = YES;
				CLANG_WARN_CONSTANT_CONVERSION = YES;
				CLANG_WARN_DEPRECATED_OBJC_IMPLEMENTATIONS = YES;
				CLANG_WARN_DIRECT_OBJC_ISA_USAGE = YES_ERROR;
				CLANG_WARN_DOCUMENTATION_COMMENTS = YES;
				CLANG_WARN_EMPTY_BODY = YES;
				CLANG_WARN_ENUM_CONVERSION = YES;
				CLANG_WARN_INFINITE_RECURSION = YES;
				CLANG_WARN_INT_CONVERSION = YES;
				CLANG_WARN_NON_LITERAL_NULL_CONVERSION = YES;
				CLANG_WARN_OBJC_IMPLICIT_RETAIN_SELF = YES;
				CLANG_WARN_OBJC_LITERAL_CONVERSION = YES;
				CLANG_WARN_OBJC_ROOT_CLASS = YES_ERROR;
				CLANG_WARN_QUOTED_INCLUDE_IN_FRAMEWORK_HEADER = YES;
				CLANG_WARN_RANGE_LOOP_ANALYSIS = YES;
				CLANG_WARN_STRICT_PROTOTYPES = YES;
				CLANG_WARN_SUSPICIOUS_MOVE = YES;
				CLANG_WARN_UNGUARDED_AVAILABILITY = YES_AGGRESSIVE;
				CLANG_WARN_UNREACHABLE_CODE = YES;
				CLANG_WARN__DUPLICATE_METHOD_MATCH = YES;
				COPY_PHASE_STRIP = NO;
				DEAD_CODE_STRIPPING = YES;
				DEBUG_INFORMATION_FORMAT = dwarf;
				DEVELOPMENT_TEAM = 99HGW2AR62;
				ENABLE_STRICT_OBJC_MSGSEND = YES;
				ENABLE_TESTABILITY = YES;
				ENABLE_USER_SCRIPT_SANDBOXING = YES;
				GCC_C_LANGUAGE_STANDARD = gnu17;
				GCC_DYNAMIC_NO_PIC = NO;
				GCC_NO_COMMON_BLOCKS = YES;
				GCC_OPTIMIZATION_LEVEL = 0;
				GCC_PREPROCESSOR_DEFINITIONS = (
					"DEBUG=1",
					"$(inherited)",
				);
				GCC_WARN_64_TO_32_BIT_CONVERSION = YES;
				GCC_WARN_ABOUT_RETURN_TYPE = YES_ERROR;
				GCC_WARN_UNDECLARED_SELECTOR = YES;
				GCC_WARN_UNINITIALIZED_AUTOS = YES_AGGRESSIVE;
				GCC_WARN_UNUSED_FUNCTION = YES;
				GCC_WARN_UNUSED_VARIABLE = YES;
				LOCALIZATION_PREFERS_STRING_CATALOGS = YES;
				MACOSX_DEPLOYMENT_TARGET = 26.1;
				MTL_ENABLE_DEBUG_INFO = INCLUDE_SOURCE;
				MTL_FAST_MATH = YES;
				ONLY_ACTIVE_ARCH = YES;
				SDKROOT = macosx;
				STRING_CATALOG_GENERATE_SYMBOLS = YES;
				SWIFT_ACTIVE_COMPILATION_CONDITIONS = "DEBUG $(inherited)";
				SWIFT_OPTIMIZATION_LEVEL = "-Onone";
			};
			name = Debug;
		};
		3F51087F2F24FBE0004CFE8D /* Release */ = {
			isa = XCBuildConfiguration;
			buildSettings = {
				ALWAYS_SEARCH_USER_PATHS = NO;
				ASSETCATALOG_COMPILER_GENERATE_SWIFT_ASSET_SYMBOL_EXTENSIONS = YES;
				CLANG_ANALYZER_NONNULL = YES;
				CLANG_ANALYZER_NUMBER_OBJECT_CONVERSION = YES_AGGRESSIVE;
				CLANG_CXX_LANGUAGE_STANDARD = "gnu++20";
				CLANG_ENABLE_MODULES = YES;
				CLANG_ENABLE_OBJC_ARC = YES;
				CLANG_ENABLE_OBJC_WEAK = YES;
				CLANG_WARN_BLOCK_CAPTURE_AUTORELEASING = YES;
				CLANG_WARN_BOOL_CONVERSION = YES;
				CLANG_WARN_COMMA = YES;
				CLANG_WARN_CONSTANT_CONVERSION = YES;
				CLANG_WARN_DEPRECATED_OBJC_IMPLEMENTATIONS = YES;
				CLANG_WARN_DIRECT_OBJC_ISA_USAGE = YES_ERROR;
				CLANG_WARN_DOCUMENTATION_COMMENTS = YES;
				CLANG_WARN_EMPTY_BODY = YES;
				CLANG_WARN_ENUM_CONVERSION = YES;
				CLANG_WARN_INFINITE_RECURSION = YES;
				CLANG_WARN_INT_CONVERSION = YES;
				CLANG_WARN_NON_LITERAL_NULL_CONVERSION = YES;
				CLANG_WARN_OBJC_IMPLICIT_RETAIN_SELF = YES;
				CLANG_WARN_OBJC_LITERAL_CONVERSION = YES;
				CLANG_WARN_OBJC_ROOT_CLASS = YES_ERROR;
				CLANG_WARN_QUOTED_INCLUDE_IN_FRAMEWORK_HEADER = YES;
				CLANG_WARN_RANGE_LOOP_ANALYSIS = YES;
				CLANG_WARN_STRICT_PROTOTYPES = YES;
				CLANG_WARN_SUSPICIOUS_MOVE = YES;
				CLANG_WARN_UNGUARDED_AVAILABILITY = YES_AGGRESSIVE;
				CLANG_WARN_UNREACHABLE_CODE = YES;
				CLANG_WARN__DUPLICATE_METHOD_MATCH = YES;
				COPY_PHASE_STRIP = NO;
				DEAD_CODE_STRIPPING = YES;
				DEBUG_INFORMATION_FORMAT = "dwarf-with-dsym";
				DEVELOPMENT_TEAM = 99HGW2AR62;
				ENABLE_NS_ASSERTIONS = NO;
				ENABLE_STRICT_OBJC_MSGSEND = YES;
				ENABLE_USER_SCRIPT_SANDBOXING = YES;
				GCC_C_LANGUAGE_STANDARD = gnu17;
				GCC_NO_COMMON_BLOCKS = YES;
				GCC_WARN_64_TO_32_BIT_CONVERSION = YES;
				GCC_WARN_ABOUT_RETURN_TYPE = YES_ERROR;
				GCC_WARN_UNDECLARED_SELECTOR = YES;
				GCC_WARN_UNINITIALIZED_AUTOS = YES_AGGRESSIVE;
				GCC_WARN_UNUSED_FUNCTION = YES;
				GCC_WARN_UNUSED_VARIABLE = YES;
				LOCALIZATION_PREFERS_STRING_CATALOGS = YES;
				MACOSX_DEPLOYMENT_TARGET = 26.1;
				MTL_ENABLE_DEBUG_INFO = NO;
				MTL_FAST_MATH = YES;
				SDKROOT = macosx;
				STRING_CATALOG_GENERATE_SYMBOLS = YES;
				SWIFT_COMPILATION_MODE = wholemodule;
			};
			name = Release;
		};
		3F5108812F24FBE0004CFE8D /* Debug */ = {
			isa = XCBuildConfiguration;
			buildSettings = {
				ASSETCATALOG_COMPILER_APPICON_NAME = AppIcon;
				ASSETCATALOG_COMPILER_GLOBAL_ACCENT_COLOR_NAME = AccentColor;
				AUTOMATION_APPLE_EVENTS = NO;
				CODE_SIGN_ENTITLEMENTS = Iris.entitlements;
				"CODE_SIGN_IDENTITY[sdk=macosx*]" = "Apple Development";
				CODE_SIGN_STYLE = Automatic;
				COMBINE_HIDPI_IMAGES = YES;
				CURRENT_PROJECT_VERSION = 1;
				DEAD_CODE_STRIPPING = YES;
				DEVELOPMENT_TEAM = 99HGW2AR62;
				ENABLE_APP_SANDBOX = NO;
				ENABLE_HARDENED_RUNTIME = NO;
				ENABLE_PREVIEWS = YES;
				ENABLE_RESOURCE_ACCESS_AUDIO_INPUT = NO;
				ENABLE_RESOURCE_ACCESS_CALENDARS = NO;
				ENABLE_RESOURCE_ACCESS_CAMERA = NO;
				ENABLE_RESOURCE_ACCESS_CONTACTS = NO;
				ENABLE_RESOURCE_ACCESS_LOCATION = NO;
				ENABLE_RESOURCE_ACCESS_PHOTO_LIBRARY = NO;
				GENERATE_INFOPLIST_FILE = YES;
				INFOPLIST_KEY_CFBundleDisplayName = Iris;
				INFOPLIST_KEY_LSApplicationCategoryType = "public.app-category.utilities";
				INFOPLIST_KEY_NSHumanReadableCopyright = "";
				LD_RUNPATH_SEARCH_PATHS = (
					"$(inherited)",
					"@executable_path/../Frameworks",
				);
				MARKETING_VERSION = 1.0;
				PRODUCT_BUNDLE_IDENTIFIER = com.wudan.iris;
				PRODUCT_NAME = "$(TARGET_NAME)";
				REGISTER_APP_GROUPS = YES;
				RUNTIME_EXCEPTION_ALLOW_DYLD_ENVIRONMENT_VARIABLES = NO;
				RUNTIME_EXCEPTION_ALLOW_JIT = NO;
				RUNTIME_EXCEPTION_ALLOW_UNSIGNED_EXECUTABLE_MEMORY = NO;
				RUNTIME_EXCEPTION_DEBUGGING_TOOL = NO;
				RUNTIME_EXCEPTION_DISABLE_EXECUTABLE_PAGE_PROTECTION = NO;
				RUNTIME_EXCEPTION_DISABLE_LIBRARY_VALIDATION = NO;
				STRING_CATALOG_GENERATE_SYMBOLS = YES;
				SWIFT_APPROACHABLE_CONCURRENCY = YES;
				SWIFT_DEFAULT_ACTOR_ISOLATION = MainActor;
				SWIFT_EMIT_LOC_STRINGS = YES;
				SWIFT_UPCOMING_FEATURE_MEMBER_IMPORT_VISIBILITY = YES;
				SWIFT_VERSION = 5.0;
			};
			name = Debug;
		};
		3F5108822F24FBE0004CFE8D /* Release */ = {
			isa = XCBuildConfiguration;
			buildSettings = {
				ASSETCATALOG_COMPILER_APPICON_NAME = AppIcon;
				ASSETCATALOG_COMPILER_GLOBAL_ACCENT_COLOR_NAME = AccentColor;
				AUTOMATION_APPLE_EVENTS = NO;
				CODE_SIGN_ENTITLEMENTS = Iris.entitlements;
				"CODE_SIGN_IDENTITY[sdk=macosx*]" = "Apple Development";
				CODE_SIGN_STYLE = Automatic;
				COMBINE_HIDPI_IMAGES = YES;
				CURRENT_PROJECT_VERSION = 1;
				DEAD_CODE_STRIPPING = YES;
				DEVELOPMENT_TEAM = 99HGW2AR62;
				ENABLE_APP_SANDBOX = NO;
				ENABLE_HARDENED_RUNTIME = NO;
				ENABLE_PREVIEWS = YES;
				ENABLE_RESOURCE_ACCESS_AUDIO_INPUT = NO;
				ENABLE_RESOURCE_ACCESS_CALENDARS = NO;
				ENABLE_RESOURCE_ACCESS_CAMERA = NO;
				ENABLE_RESOURCE_ACCESS_CONTACTS = NO;
				ENABLE_RESOURCE_ACCESS_LOCATION = NO;
				ENABLE_RESOURCE_ACCESS_PHOTO_LIBRARY = NO;
				GENERATE_INFOPLIST_FILE = YES;
				INFOPLIST_KEY_CFBundleDisplayName = Iris;
				INFOPLIST_KEY_LSApplicationCategoryType = "public.app-category.utilities";
				INFOPLIST_KEY_NSHumanReadableCopyright = "";
				LD_RUNPATH_SEARCH_PATHS = (
					"$(inherited)",
					"@executable_path/../Frameworks",
				);
				MARKETING_VERSION = 1.0;
				PRODUCT_BUNDLE_IDENTIFIER = com.wudan.iris;
				PRODUCT_NAME = "$(TARGET_NAME)";
				REGISTER_APP_GROUPS = YES;
				RUNTIME_EXCEPTION_ALLOW_DYLD_ENVIRONMENT_VARIABLES = NO;
				RUNTIME_EXCEPTION_ALLOW_JIT = NO;
				RUNTIME_EXCEPTION_ALLOW_UNSIGNED_EXECUTABLE_MEMORY = NO;
				RUNTIME_EXCEPTION_DEBUGGING_TOOL = NO;
				RUNTIME_EXCEPTION_DISABLE_EXECUTABLE_PAGE_PROTECTION = NO;
				RUNTIME_EXCEPTION_DISABLE_LIBRARY_VALIDATION = NO;
				STRING_CATALOG_GENERATE_SYMBOLS = YES;
				SWIFT_APPROACHABLE_CONCURRENCY = YES;
				SWIFT_DEFAULT_ACTOR_ISOLATION = MainActor;
				SWIFT_EMIT_LOC_STRINGS = YES;
				SWIFT_UPCOMING_FEATURE_MEMBER_IMPORT_VISIBILITY = YES;
				SWIFT_VERSION = 5.0;
			};
			name = Release;
		};
		3FA0000A2F2600000004D070 /* Debug */ = {
			isa = XCBuildConfiguration;
			buildSettings = {
				AUTOMATION_APPLE_EVENTS = NO;
				CODE_SIGN_ENTITLEMENTS = IrisProxyExtension/IrisProxyExtension.entitlements;
				CODE_SIGN_IDENTITY = "Apple Development";
				"CODE_SIGN_IDENTITY[sdk=macosx*]" = "Apple Development";
				CODE_SIGN_STYLE = Automatic;
				CURRENT_PROJECT_VERSION = 1;
				DEAD_CODE_STRIPPING = YES;
				DEVELOPMENT_TEAM = 99HGW2AR62;
				ENABLE_APP_SANDBOX = NO;
				ENABLE_HARDENED_RUNTIME = YES;
				ENABLE_RESOURCE_ACCESS_AUDIO_INPUT = NO;
				ENABLE_RESOURCE_ACCESS_CALENDARS = NO;
				ENABLE_RESOURCE_ACCESS_CAMERA = NO;
				ENABLE_RESOURCE_ACCESS_CONTACTS = NO;
				ENABLE_RESOURCE_ACCESS_LOCATION = NO;
				ENABLE_RESOURCE_ACCESS_PHOTO_LIBRARY = NO;
				GENERATE_INFOPLIST_FILE = YES;
				INFOPLIST_FILE = IrisProxyExtension/Info.plist;
				INFOPLIST_KEY_CFBundleDisplayName = IrisProxyExtension;
				INFOPLIST_KEY_LSApplicationCategoryType = "public.app-category.utilities";
				INFOPLIST_KEY_NSHumanReadableCopyright = "Copyright © 2025 Wudan. All rights reserved.";
				INFOPLIST_KEY_NSSystemExtensionUsageDescription = "Iris needs this extension to intercept and analyze HTTP/HTTPS traffic.";
				LD_RUNPATH_SEARCH_PATHS = (
					"$(inherited)",
					"@executable_path/../Frameworks",
					"@executable_path/../../../../Frameworks",
				);
				MARKETING_VERSION = 1.0;
				PRODUCT_BUNDLE_IDENTIFIER = com.wudan.iris.proxy.extension;
				PRODUCT_NAME = "$(inherited)";
				PROVISIONING_PROFILE_SPECIFIER = "";
				REGISTER_APP_GROUPS = YES;
				RUNTIME_EXCEPTION_ALLOW_DYLD_ENVIRONMENT_VARIABLES = NO;
				RUNTIME_EXCEPTION_ALLOW_JIT = NO;
				RUNTIME_EXCEPTION_ALLOW_UNSIGNED_EXECUTABLE_MEMORY = NO;
				RUNTIME_EXCEPTION_DEBUGGING_TOOL = NO;
				RUNTIME_EXCEPTION_DISABLE_EXECUTABLE_PAGE_PROTECTION = NO;
				RUNTIME_EXCEPTION_DISABLE_LIBRARY_VALIDATION = NO;
				SKIP_INSTALL = YES;
				STRING_CATALOG_GENERATE_SYMBOLS = YES;
				SWIFT_APPROACHABLE_CONCURRENCY = NO;
				SWIFT_EMIT_LOC_STRINGS = YES;
				SWIFT_UPCOMING_FEATURE_MEMBER_IMPORT_VISIBILITY = YES;
				SWIFT_VERSION = 5.0;
			};
			name = Debug;
		};
		3FA0000B2F2600000004D070 /* Release */ = {
			isa = XCBuildConfiguration;
			buildSettings = {
				AUTOMATION_APPLE_EVENTS = NO;
				CODE_SIGN_ENTITLEMENTS = IrisProxyExtension/IrisProxyExtension.entitlements;
				CODE_SIGN_IDENTITY = "Apple Development";
				"CODE_SIGN_IDENTITY[sdk=macosx*]" = "Apple Development";
				CODE_SIGN_STYLE = Automatic;
				CURRENT_PROJECT_VERSION = 1;
				DEAD_CODE_STRIPPING = YES;
				DEVELOPMENT_TEAM = 99HGW2AR62;
				ENABLE_APP_SANDBOX = NO;
				ENABLE_HARDENED_RUNTIME = YES;
				ENABLE_RESOURCE_ACCESS_AUDIO_INPUT = NO;
				ENABLE_RESOURCE_ACCESS_CALENDARS = NO;
				ENABLE_RESOURCE_ACCESS_CAMERA = NO;
				ENABLE_RESOURCE_ACCESS_CONTACTS = NO;
				ENABLE_RESOURCE_ACCESS_LOCATION = NO;
				ENABLE_RESOURCE_ACCESS_PHOTO_LIBRARY = NO;
				GENERATE_INFOPLIST_FILE = YES;
				INFOPLIST_FILE = IrisProxyExtension/Info.plist;
				INFOPLIST_KEY_CFBundleDisplayName = IrisProxyExtension;
				INFOPLIST_KEY_LSApplicationCategoryType = "public.app-category.utilities";
				INFOPLIST_KEY_NSHumanReadableCopyright = "Copyright © 2025 Wudan. All rights reserved.";
				INFOPLIST_KEY_NSSystemExtensionUsageDescription = "Iris needs this extension to intercept and analyze HTTP/HTTPS traffic.";
				LD_RUNPATH_SEARCH_PATHS = (
					"$(inherited)",
					"@executable_path/../Frameworks",
					"@executable_path/../../../../Frameworks",
				);
				MARKETING_VERSION = 1.0;
				PRODUCT_BUNDLE_IDENTIFIER = com.wudan.iris.proxy.extension;
				PRODUCT_NAME = "$(inherited)";
				PROVISIONING_PROFILE_SPECIFIER = "";
				REGISTER_APP_GROUPS = YES;
				RUNTIME_EXCEPTION_ALLOW_DYLD_ENVIRONMENT_VARIABLES = NO;
				RUNTIME_EXCEPTION_ALLOW_JIT = NO;
				RUNTIME_EXCEPTION_ALLOW_UNSIGNED_EXECUTABLE_MEMORY = NO;
				RUNTIME_EXCEPTION_DEBUGGING_TOOL = NO;
				RUNTIME_EXCEPTION_DISABLE_EXECUTABLE_PAGE_PROTECTION = NO;
				RUNTIME_EXCEPTION_DISABLE_LIBRARY_VALIDATION = NO;
				SKIP_INSTALL = YES;
				STRING_CATALOG_GENERATE_SYMBOLS = YES;
				SWIFT_APPROACHABLE_CONCURRENCY = NO;
				SWIFT_EMIT_LOC_STRINGS = YES;
				SWIFT_UPCOMING_FEATURE_MEMBER_IMPORT_VISIBILITY = YES;
				SWIFT_VERSION = 5.0;
			};
			name = Release;
		};
		3FB0000A2F2600000004D070 /* Debug */ = {
			isa = XCBuildConfiguration;
			buildSettings = {
				AUTOMATION_APPLE_EVENTS = NO;
				CODE_SIGN_ENTITLEMENTS = IrisDNSExtension/IrisDNSExtension.entitlements;
				CODE_SIGN_IDENTITY = "Apple Development";
				"CODE_SIGN_IDENTITY[sdk=macosx*]" = "Apple Development";
				CODE_SIGN_STYLE = Automatic;
				CURRENT_PROJECT_VERSION = 1;
				DEAD_CODE_STRIPPING = YES;
				DEVELOPMENT_TEAM = 99HGW2AR62;
				ENABLE_APP_SANDBOX = NO;
				ENABLE_HARDENED_RUNTIME = YES;
				ENABLE_RESOURCE_ACCESS_AUDIO_INPUT = NO;
				ENABLE_RESOURCE_ACCESS_CALENDARS = NO;
				ENABLE_RESOURCE_ACCESS_CAMERA = NO;
				ENABLE_RESOURCE_ACCESS_CONTACTS = NO;
				ENABLE_RESOURCE_ACCESS_LOCATION = NO;
				ENABLE_RESOURCE_ACCESS_PHOTO_LIBRARY = NO;
				GENERATE_INFOPLIST_FILE = YES;
				INFOPLIST_FILE = IrisDNSExtension/Info.plist;
				INFOPLIST_KEY_CFBundleDisplayName = IrisDNSExtension;
				INFOPLIST_KEY_LSApplicationCategoryType = "public.app-category.utilities";
				INFOPLIST_KEY_NSHumanReadableCopyright = "Copyright © 2025 Wudan. All rights reserved.";
				INFOPLIST_KEY_NSSystemExtensionUsageDescription = "Iris needs this extension to encrypt and monitor DNS queries.";
				LD_RUNPATH_SEARCH_PATHS = (
					"$(inherited)",
					"@executable_path/../Frameworks",
					"@executable_path/../../../../Frameworks",
				);
				MARKETING_VERSION = 1.0;
				PRODUCT_BUNDLE_IDENTIFIER = com.wudan.iris.dns.extension;
				PRODUCT_NAME = "$(inherited)";
				PROVISIONING_PROFILE_SPECIFIER = "";
				REGISTER_APP_GROUPS = YES;
				RUNTIME_EXCEPTION_ALLOW_DYLD_ENVIRONMENT_VARIABLES = NO;
				RUNTIME_EXCEPTION_ALLOW_JIT = NO;
				RUNTIME_EXCEPTION_ALLOW_UNSIGNED_EXECUTABLE_MEMORY = NO;
				RUNTIME_EXCEPTION_DEBUGGING_TOOL = NO;
				RUNTIME_EXCEPTION_DISABLE_EXECUTABLE_PAGE_PROTECTION = NO;
				RUNTIME_EXCEPTION_DISABLE_LIBRARY_VALIDATION = NO;
				SKIP_INSTALL = YES;
				STRING_CATALOG_GENERATE_SYMBOLS = YES;
				SWIFT_APPROACHABLE_CONCURRENCY = YES;
				SWIFT_EMIT_LOC_STRINGS = YES;
				SWIFT_UPCOMING_FEATURE_MEMBER_IMPORT_VISIBILITY = YES;
				SWIFT_VERSION = 5.0;
			};
			name = Debug;
		};
		3FB0000B2F2600000004D070 /* Release */ = {
			isa = XCBuildConfiguration;
			buildSettings = {
				AUTOMATION_APPLE_EVENTS = NO;
				CODE_SIGN_ENTITLEMENTS = IrisDNSExtension/IrisDNSExtension.entitlements;
				CODE_SIGN_IDENTITY = "Apple Development";
				"CODE_SIGN_IDENTITY[sdk=macosx*]" = "Apple Development";
				CODE_SIGN_STYLE = Automatic;
				CURRENT_PROJECT_VERSION = 1;
				DEAD_CODE_STRIPPING = YES;
				DEVELOPMENT_TEAM = 99HGW2AR62;
				ENABLE_APP_SANDBOX = NO;
				ENABLE_HARDENED_RUNTIME = YES;
				ENABLE_RESOURCE_ACCESS_AUDIO_INPUT = NO;
				ENABLE_RESOURCE_ACCESS_CALENDARS = NO;
				ENABLE_RESOURCE_ACCESS_CAMERA = NO;
				ENABLE_RESOURCE_ACCESS_CONTACTS = NO;
				ENABLE_RESOURCE_ACCESS_LOCATION = NO;
				ENABLE_RESOURCE_ACCESS_PHOTO_LIBRARY = NO;
				GENERATE_INFOPLIST_FILE = YES;
				INFOPLIST_FILE = IrisDNSExtension/Info.plist;
				INFOPLIST_KEY_CFBundleDisplayName = IrisDNSExtension;
				INFOPLIST_KEY_LSApplicationCategoryType = "public.app-category.utilities";
				INFOPLIST_KEY_NSHumanReadableCopyright = "Copyright © 2025 Wudan. All rights reserved.";
				INFOPLIST_KEY_NSSystemExtensionUsageDescription = "Iris needs this extension to encrypt and monitor DNS queries.";
				LD_RUNPATH_SEARCH_PATHS = (
					"$(inherited)",
					"@executable_path/../Frameworks",
					"@executable_path/../../../../Frameworks",
				);
				MARKETING_VERSION = 1.0;
				PRODUCT_BUNDLE_IDENTIFIER = com.wudan.iris.dns.extension;
				PRODUCT_NAME = "$(inherited)";
				PROVISIONING_PROFILE_SPECIFIER = "";
				REGISTER_APP_GROUPS = YES;
				RUNTIME_EXCEPTION_ALLOW_DYLD_ENVIRONMENT_VARIABLES = NO;
				RUNTIME_EXCEPTION_ALLOW_JIT = NO;
				RUNTIME_EXCEPTION_ALLOW_UNSIGNED_EXECUTABLE_MEMORY = NO;
				RUNTIME_EXCEPTION_DEBUGGING_TOOL = NO;
				RUNTIME_EXCEPTION_DISABLE_EXECUTABLE_PAGE_PROTECTION = NO;
				RUNTIME_EXCEPTION_DISABLE_LIBRARY_VALIDATION = NO;
				SKIP_INSTALL = YES;
				STRING_CATALOG_GENERATE_SYMBOLS = YES;
				SWIFT_APPROACHABLE_CONCURRENCY = YES;
				SWIFT_EMIT_LOC_STRINGS = YES;
				SWIFT_UPCOMING_FEATURE_MEMBER_IMPORT_VISIBILITY = YES;
				SWIFT_VERSION = 5.0;
			};
			name = Release;
		};
		3FE000072F25A0000004D070 /* Debug */ = {
			isa = XCBuildConfiguration;
			buildSettings = {
				AUTOMATION_APPLE_EVENTS = NO;
				CODE_SIGN_ENTITLEMENTS = IrisEndpointExtension/IrisEndpointExtension.entitlements;
				CODE_SIGN_IDENTITY = "Apple Development";
				"CODE_SIGN_IDENTITY[sdk=macosx*]" = "Apple Development";
				CODE_SIGN_STYLE = Automatic;
				CURRENT_PROJECT_VERSION = 1;
				DEAD_CODE_STRIPPING = YES;
				DEVELOPMENT_TEAM = 99HGW2AR62;
				ENABLE_APP_SANDBOX = NO;
				ENABLE_HARDENED_RUNTIME = YES;
				ENABLE_RESOURCE_ACCESS_AUDIO_INPUT = NO;
				ENABLE_RESOURCE_ACCESS_CALENDARS = NO;
				ENABLE_RESOURCE_ACCESS_CAMERA = NO;
				ENABLE_RESOURCE_ACCESS_CONTACTS = NO;
				ENABLE_RESOURCE_ACCESS_LOCATION = NO;
				ENABLE_RESOURCE_ACCESS_PHOTO_LIBRARY = NO;
				GENERATE_INFOPLIST_FILE = YES;
				INFOPLIST_FILE = IrisEndpointExtension/Info.plist;
				INFOPLIST_KEY_CFBundleDisplayName = IrisEndpointExtension;
				INFOPLIST_KEY_LSApplicationCategoryType = "public.app-category.utilities";
				INFOPLIST_KEY_NSHumanReadableCopyright = "Copyright © 2024. All rights reserved.";
				INFOPLIST_KEY_NSSystemExtensionUsageDescription = "Iris uses this extension to monitor process execution for security analysis.";
				LD_RUNPATH_SEARCH_PATHS = (
					"$(inherited)",
					"@executable_path/../Frameworks",
					"@executable_path/../../../../Frameworks",
				);
				MARKETING_VERSION = 1.0;
				PRODUCT_BUNDLE_IDENTIFIER = com.wudan.iris.endpoint.extension;
				PRODUCT_NAME = "$(inherited)";
				PROVISIONING_PROFILE_SPECIFIER = "";
				REGISTER_APP_GROUPS = YES;
				RUNTIME_EXCEPTION_ALLOW_DYLD_ENVIRONMENT_VARIABLES = NO;
				RUNTIME_EXCEPTION_ALLOW_JIT = NO;
				RUNTIME_EXCEPTION_ALLOW_UNSIGNED_EXECUTABLE_MEMORY = NO;
				RUNTIME_EXCEPTION_DEBUGGING_TOOL = NO;
				RUNTIME_EXCEPTION_DISABLE_EXECUTABLE_PAGE_PROTECTION = NO;
				RUNTIME_EXCEPTION_DISABLE_LIBRARY_VALIDATION = NO;
				SKIP_INSTALL = YES;
				STRING_CATALOG_GENERATE_SYMBOLS = YES;
				SWIFT_APPROACHABLE_CONCURRENCY = YES;
				SWIFT_EMIT_LOC_STRINGS = YES;
				SWIFT_UPCOMING_FEATURE_MEMBER_IMPORT_VISIBILITY = YES;
				SWIFT_VERSION = 5.0;
			};
			name = Debug;
		};
		3FE000082F25A0000004D070 /* Release */ = {
			isa = XCBuildConfiguration;
			buildSettings = {
				AUTOMATION_APPLE_EVENTS = NO;
				CODE_SIGN_ENTITLEMENTS = IrisEndpointExtension/IrisEndpointExtension.entitlements;
				CODE_SIGN_IDENTITY = "Apple Development";
				"CODE_SIGN_IDENTITY[sdk=macosx*]" = "Apple Development";
				CODE_SIGN_STYLE = Automatic;
				CURRENT_PROJECT_VERSION = 1;
				DEAD_CODE_STRIPPING = YES;
				DEVELOPMENT_TEAM = 99HGW2AR62;
				ENABLE_APP_SANDBOX = NO;
				ENABLE_HARDENED_RUNTIME = YES;
				ENABLE_RESOURCE_ACCESS_AUDIO_INPUT = NO;
				ENABLE_RESOURCE_ACCESS_CALENDARS = NO;
				ENABLE_RESOURCE_ACCESS_CAMERA = NO;
				ENABLE_RESOURCE_ACCESS_CONTACTS = NO;
				ENABLE_RESOURCE_ACCESS_LOCATION = NO;
				ENABLE_RESOURCE_ACCESS_PHOTO_LIBRARY = NO;
				GENERATE_INFOPLIST_FILE = YES;
				INFOPLIST_FILE = IrisEndpointExtension/Info.plist;
				INFOPLIST_KEY_CFBundleDisplayName = IrisEndpointExtension;
				INFOPLIST_KEY_LSApplicationCategoryType = "public.app-category.utilities";
				INFOPLIST_KEY_NSHumanReadableCopyright = "Copyright © 2024. All rights reserved.";
				INFOPLIST_KEY_NSSystemExtensionUsageDescription = "Iris uses this extension to monitor process execution for security analysis.";
				LD_RUNPATH_SEARCH_PATHS = (
					"$(inherited)",
					"@executable_path/../Frameworks",
					"@executable_path/../../../../Frameworks",
				);
				MARKETING_VERSION = 1.0;
				PRODUCT_BUNDLE_IDENTIFIER = com.wudan.iris.endpoint.extension;
				PRODUCT_NAME = "$(inherited)";
				PROVISIONING_PROFILE_SPECIFIER = "";
				REGISTER_APP_GROUPS = YES;
				RUNTIME_EXCEPTION_ALLOW_DYLD_ENVIRONMENT_VARIABLES = NO;
				RUNTIME_EXCEPTION_ALLOW_JIT = NO;
				RUNTIME_EXCEPTION_ALLOW_UNSIGNED_EXECUTABLE_MEMORY = NO;
				RUNTIME_EXCEPTION_DEBUGGING_TOOL = NO;
				RUNTIME_EXCEPTION_DISABLE_EXECUTABLE_PAGE_PROTECTION = NO;
				RUNTIME_EXCEPTION_DISABLE_LIBRARY_VALIDATION = NO;
				SKIP_INSTALL = YES;
				STRING_CATALOG_GENERATE_SYMBOLS = YES;
				SWIFT_APPROACHABLE_CONCURRENCY = YES;
				SWIFT_EMIT_LOC_STRINGS = YES;
				SWIFT_UPCOMING_FEATURE_MEMBER_IMPORT_VISIBILITY = YES;
				SWIFT_VERSION = 5.0;
			};
			name = Release;
		};
/* End XCBuildConfiguration section */

/* Begin XCConfigurationList section */
		3F0974B62F24FCC30004D070 /* Build configuration list for PBXNativeTarget "IrisNetworkExtension" */ = {
			isa = XCConfigurationList;
			buildConfigurations = (
				3F0974B32F24FCC30004D070 /* Debug */,
				3F0974B42F24FCC30004D070 /* Release */,
			);
			defaultConfigurationIsVisible = 0;
			defaultConfigurationName = Release;
		};
		3F5108702F24FBE0004CFE8D /* Build configuration list for PBXProject "Iris" */ = {
			isa = XCConfigurationList;
			buildConfigurations = (
				3F51087E2F24FBE0004CFE8D /* Debug */,
				3F51087F2F24FBE0004CFE8D /* Release */,
			);
			defaultConfigurationIsVisible = 0;
			defaultConfigurationName = Release;
		};
		3F5108802F24FBE0004CFE8D /* Build configuration list for PBXNativeTarget "Iris" */ = {
			isa = XCConfigurationList;
			buildConfigurations = (
				3F5108812F24FBE0004CFE8D /* Debug */,
				3F5108822F24FBE0004CFE8D /* Release */,
			);
			defaultConfigurationIsVisible = 0;
			defaultConfigurationName = Release;
		};
		3FA0000C2F2600000004D070 /* Build configuration list for PBXNativeTarget "IrisProxyExtension" */ = {
			isa = XCConfigurationList;
			buildConfigurations = (
				3FA0000A2F2600000004D070 /* Debug */,
				3FA0000B2F2600000004D070 /* Release */,
			);
			defaultConfigurationIsVisible = 0;
			defaultConfigurationName = Release;
		};
		3FB0000C2F2600000004D070 /* Build configuration list for PBXNativeTarget "IrisDNSExtension" */ = {
			isa = XCConfigurationList;
			buildConfigurations = (
				3FB0000A2F2600000004D070 /* Debug */,
				3FB0000B2F2600000004D070 /* Release */,
			);
			defaultConfigurationIsVisible = 0;
			defaultConfigurationName = Release;
		};
		3FE000092F25A0000004D070 /* Build configuration list for PBXNativeTarget "IrisEndpointExtension" */ = {
			isa = XCConfigurationList;
			buildConfigurations = (
				3FE000072F25A0000004D070 /* Debug */,
				3FE000082F25A0000004D070 /* Release */,
			);
			defaultConfigurationIsVisible = 0;
			defaultConfigurationName = Release;
		};
/* End XCConfigurationList section */
	};
	rootObject = 3F51086D2F24FBE0004CFE8D /* Project object */;
}
